version = 1
revision = 3
requires-python = ">=3.14"

[[package]]
name = "asttokens"
version = "3.0.1"
source = { registry = "https://pypi.org/simple" }
sdist = { url = "https://files.pythonhosted.org/packages/be/a5/8e3f9b6771b0b408517c82d97aed8f2036509bc247d46114925e32fe33f0/asttokens-3.0.1.tar.gz", hash = "sha256:71a4ee5de0bde6a31d64f6b13f2293ac190344478f081c3d1bccfcf5eacb0cb7", size = 62308, upload-time = "2025-11-15T16:43:48.578Z" }
wheels = [
    { url = "https://files.pythonhosted.org/packages/d2/39/e7eaf1799466a4aef85b6a4fe7bd175ad2b1c6345066aa33f1f58d4b18d0/asttokens-3.0.1-py3-none-any.whl", hash = "sha256:15a3ebc0f43c2d0a50eeafea25e19046c68398e487b9f1f5b517f7c0f40f976a", size = 27047, upload-time = "2025-11-15T16:43:16.109Z" },
]

[[package]]
name = "bot"
version = "0.1.0"
source = { editable = "." }
dependencies = [
    { name = "gmsh" },
    { name = "ipython" },
    { name = "nurbslib" },
    { name = "panda3d" },
]

[package.dev-dependencies]
dev = [
    { name = "pdoc" },
    { name = "pytest" },
    { name = "pytest-cov" },
]

[package.metadata]
requires-dist = [
    { name = "gmsh", specifier = ">=4.15.0" },
    { name = "ipython", specifier = ">=9.10.0" },
    { name = "nurbslib" },
    { name = "panda3d", specifier = ">=1.10.16" },
]

[package.metadata.requires-dev]
dev = [
    { name = "pdoc", specifier = ">=16.0.0" },
    { name = "pytest", specifier = ">=9.0.2" },
    { name = "pytest-cov", specifier = ">=7.0.0" },
]

[[package]]
name = "colorama"
version = "0.4.6"
source = { registry = "https://pypi.org/simple" }
sdist = { url = "https://files.pythonhosted.org/packages/d8/53/6f443c9a4a8358a93a6792e2acffb9d9d5cb0a5cfd8802644b7b1c9a02e4/colorama-0.4.6.tar.gz", hash = "sha256:08695f5cb7ed6e0531a20572697297273c47b8cae5a63ffc6d6ed5c201be6e44", size = 27697, upload-time = "2022-10-25T02:36:22.414Z" }
wheels = [
    { url = "https://files.pythonhosted.org/packages/d1/d6/3965ed04c63042e047cb6a3e6ed1a63a35087b6a609aa3a15ed8ac56c221/colorama-0.4.6-py2.py3-none-any.whl", hash = "sha256:4f1d9991f5acc0ca119f9d443620b77f9d6b33703e51011c16baf57afb285fc6", size = 25335, upload-time = "2022-10-25T02:36:20.889Z" },
]

[[package]]
name = "coverage"
version = "7.13.4"
source = { registry = "https://pypi.org/simple" }
sdist = { url = "https://files.pythonhosted.org/packages/24/56/95b7e30fa389756cb56630faa728da46a27b8c6eb46f9d557c68fff12b65/coverage-7.13.4.tar.gz", hash = "sha256:e5c8f6ed1e61a8b2dcdf31eb0b9bbf0130750ca79c1c49eb898e2ad86f5ccc91", size = 827239, upload-time = "2026-02-09T12:59:03.86Z" }
wheels = [
    { url = "https://files.pythonhosted.org/packages/92/11/a9cf762bb83386467737d32187756a42094927150c3e107df4cb078e8590/coverage-7.13.4-cp314-cp314-macosx_10_15_x86_64.whl", hash = "sha256:300deaee342f90696ed186e3a00c71b5b3d27bffe9e827677954f4ee56969601", size = 219522, upload-time = "2026-02-09T12:58:08.623Z" },
    { url = "https://files.pythonhosted.org/packages/d3/28/56e6d892b7b052236d67c95f1936b6a7cf7c3e2634bf27610b8cbd7f9c60/coverage-7.13.4-cp314-cp314-macosx_11_0_arm64.whl", hash = "sha256:29e3220258d682b6226a9b0925bc563ed9a1ebcff3cad30f043eceea7eaf2689", size = 219855, upload-time = "2026-02-09T12:58:10.176Z" },
    { url = "https://files.pythonhosted.org/packages/e5/69/233459ee9eb0c0d10fcc2fe425a029b3fa5ce0f040c966ebce851d030c70/coverage-7.13.4-cp314-cp314-manylinux1_i686.manylinux_2_28_i686.manylinux_2_5_i686.whl", hash = "sha256:391ee8f19bef69210978363ca930f7328081c6a0152f1166c91f0b5fdd2a773c", size = 250887, upload-time = "2026-02-09T12:58:12.503Z" },
    { url = "https://files.pythonhosted.org/packages/06/90/2cdab0974b9b5bbc1623f7876b73603aecac11b8d95b85b5b86b32de5eab/coverage-7.13.4-cp314-cp314-manylinux1_x86_64.manylinux_2_28_x86_64.manylinux_2_5_x86_64.whl", hash = "sha256:0dd7ab8278f0d58a0128ba2fca25824321f05d059c1441800e934ff2efa52129", size = 253396, upload-time = "2026-02-09T12:58:14.615Z" },
    { url = "https://files.pythonhosted.org/packages/ac/15/ea4da0f85bf7d7b27635039e649e99deb8173fe551096ea15017f7053537/coverage-7.13.4-cp314-cp314-manylinux2014_aarch64.manylinux_2_17_aarch64.manylinux_2_28_aarch64.whl", hash = "sha256:78cdf0d578b15148b009ccf18c686aa4f719d887e76e6b40c38ffb61d264a552", size = 254745, upload-time = "2026-02-09T12:58:16.162Z" },
    { url = "https://files.pythonhosted.org/packages/99/11/bb356e86920c655ca4d61daee4e2bbc7258f0a37de0be32d233b561134ff/coverage-7.13.4-cp314-cp314-manylinux2014_ppc64le.manylinux_2_17_ppc64le.manylinux_2_28_ppc64le.whl", hash = "sha256:48685fee12c2eb3b27c62f2658e7ea21e9c3239cba5a8a242801a0a3f6a8c62a", size = 257055, upload-time = "2026-02-09T12:58:17.892Z" },
    { url = "https://files.pythonhosted.org/packages/c9/0f/9ae1f8cb17029e09da06ca4e28c9e1d5c1c0a511c7074592e37e0836c915/coverage-7.13.4-cp314-cp314-manylinux_2_31_riscv64.manylinux_2_39_riscv64.whl", hash = "sha256:4e83efc079eb39480e6346a15a1bcb3e9b04759c5202d157e1dd4303cd619356", size = 250911, upload-time = "2026-02-09T12:58:19.495Z" },
    { url = "https://files.pythonhosted.org/packages/89/3a/adfb68558fa815cbc29747b553bc833d2150228f251b127f1ce97e48547c/coverage-7.13.4-cp314-cp314-musllinux_1_2_aarch64.whl", hash = "sha256:ecae9737b72408d6a950f7e525f30aca12d4bd8dd95e37342e5beb3a2a8c4f71", size = 252754, upload-time = "2026-02-09T12:58:21.064Z" },
    { url = "https://files.pythonhosted.org/packages/32/b1/540d0c27c4e748bd3cd0bd001076ee416eda993c2bae47a73b7cc9357931/coverage-7.13.4-cp314-cp314-musllinux_1_2_i686.whl", hash = "sha256:ae4578f8528569d3cf303fef2ea569c7f4c4059a38c8667ccef15c6e1f118aa5", size = 250720, upload-time = "2026-02-09T12:58:22.622Z" },
    { url = "https://files.pythonhosted.org/packages/c7/95/383609462b3ffb1fe133014a7c84fc0dd01ed55ac6140fa1093b5af7ebb1/coverage-7.13.4-cp314-cp314-musllinux_1_2_ppc64le.whl", hash = "sha256:6fdef321fdfbb30a197efa02d48fcd9981f0d8ad2ae8903ac318adc653f5df98", size = 254994, upload-time = "2026-02-09T12:58:24.548Z" },
    { url = "https://files.pythonhosted.org/packages/f7/ba/1761138e86c81680bfc3c49579d66312865457f9fe405b033184e5793cb3/coverage-7.13.4-cp314-cp314-musllinux_1_2_riscv64.whl", hash = "sha256:2b0f6ccf3dbe577170bebfce1318707d0e8c3650003cb4b3a9dd744575daa8b5", size = 250531, upload-time = "2026-02-09T12:58:26.271Z" },
    { url = "https://files.pythonhosted.org/packages/f8/8e/05900df797a9c11837ab59c4d6fe94094e029582aab75c3309a93e6fb4e3/coverage-7.13.4-cp314-cp314-musllinux_1_2_x86_64.whl", hash = "sha256:75fcd519f2a5765db3f0e391eb3b7d150cce1a771bf4c9f861aeab86c767a3c0", size = 252189, upload-time = "2026-02-09T12:58:27.807Z" },
    { url = "https://files.pythonhosted.org/packages/00/bd/29c9f2db9ea4ed2738b8a9508c35626eb205d51af4ab7bf56a21a2e49926/coverage-7.13.4-cp314-cp314-win32.whl", hash = "sha256:8e798c266c378da2bd819b0677df41ab46d78065fb2a399558f3f6cae78b2fbb", size = 222258, upload-time = "2026-02-09T12:58:29.441Z" },
    { url = "https://files.pythonhosted.org/packages/a7/4d/1f8e723f6829977410efeb88f73673d794075091c8c7c18848d273dc9d73/coverage-7.13.4-cp314-cp314-win_amd64.whl", hash = "sha256:245e37f664d89861cf2329c9afa2c1fe9e6d4e1a09d872c947e70718aeeac505", size = 223073, upload-time = "2026-02-09T12:58:31.026Z" },
    { url = "https://files.pythonhosted.org/packages/51/5b/84100025be913b44e082ea32abcf1afbf4e872f5120b7a1cab1d331b1e13/coverage-7.13.4-cp314-cp314-win_arm64.whl", hash = "sha256:ad27098a189e5838900ce4c2a99f2fe42a0bf0c2093c17c69b45a71579e8d4a2", size = 221638, upload-time = "2026-02-09T12:58:32.599Z" },
    { url = "https://files.pythonhosted.org/packages/a7/e4/c884a405d6ead1370433dad1e3720216b4f9fd8ef5b64bfd984a2a60a11a/coverage-7.13.4-cp314-cp314t-macosx_10_15_x86_64.whl", hash = "sha256:85480adfb35ffc32d40918aad81b89c69c9cc5661a9b8a81476d3e645321a056", size = 220246, upload-time = "2026-02-09T12:58:34.181Z" },
    { url = "https://files.pythonhosted.org/packages/81/5c/4d7ed8b23b233b0fffbc9dfec53c232be2e695468523242ea9fd30f97ad2/coverage-7.13.4-cp314-cp314t-macosx_11_0_arm64.whl", hash = "sha256:79be69cf7f3bf9b0deeeb062eab7ac7f36cd4cc4c4dd694bd28921ba4d8596cc", size = 220514, upload-time = "2026-02-09T12:58:35.704Z" },
    { url = "https://files.pythonhosted.org/packages/2f/6f/3284d4203fd2f28edd73034968398cd2d4cb04ab192abc8cff007ea35679/coverage-7.13.4-cp314-cp314t-manylinux1_i686.manylinux_2_28_i686.manylinux_2_5_i686.whl", hash = "sha256:caa421e2684e382c5d8973ac55e4f36bed6821a9bad5c953494de960c74595c9", size = 261877, upload-time = "2026-02-09T12:58:37.864Z" },
    { url = "https://files.pythonhosted.org/packages/09/aa/b672a647bbe1556a85337dc95bfd40d146e9965ead9cc2fe81bde1e5cbce/coverage-7.13.4-cp314-cp314t-manylinux1_x86_64.manylinux_2_28_x86_64.manylinux_2_5_x86_64.whl", hash = "sha256:14375934243ee05f56c45393fe2ce81fe5cc503c07cee2bdf1725fb8bef3ffaf", size = 264004, upload-time = "2026-02-09T12:58:39.492Z" },
    { url = "https://files.pythonhosted.org/packages/79/a1/aa384dbe9181f98bba87dd23dda436f0c6cf2e148aecbb4e50fc51c1a656/coverage-7.13.4-cp314-cp314t-manylinux2014_aarch64.manylinux_2_17_aarch64.manylinux_2_28_aarch64.whl", hash = "sha256:25a41c3104d08edb094d9db0d905ca54d0cd41c928bb6be3c4c799a54753af55", size = 266408, upload-time = "2026-02-09T12:58:41.852Z" },
    { url = "https://files.pythonhosted.org/packages/53/5e/5150bf17b4019bc600799f376bb9606941e55bd5a775dc1e096b6ffea952/coverage-7.13.4-cp314-cp314t-manylinux2014_ppc64le.manylinux_2_17_ppc64le.manylinux_2_28_ppc64le.whl", hash = "sha256:6f01afcff62bf9a08fb32b2c1d6e924236c0383c02c790732b6537269e466a72", size = 267544, upload-time = "2026-02-09T12:58:44.093Z" },
    { url = "https://files.pythonhosted.org/packages/e0/ed/f1de5c675987a4a7a672250d2c5c9d73d289dbf13410f00ed7181d8017dd/coverage-7.13.4-cp314-cp314t-manylinux_2_31_riscv64.manylinux_2_39_riscv64.whl", hash = "sha256:eb9078108fbf0bcdde37c3f4779303673c2fa1fe8f7956e68d447d0dd426d38a", size = 260980, upload-time = "2026-02-09T12:58:45.721Z" },
    { url = "https://files.pythonhosted.org/packages/b3/e3/fe758d01850aa172419a6743fe76ba8b92c29d181d4f676ffe2dae2ba631/coverage-7.13.4-cp314-cp314t-musllinux_1_2_aarch64.whl", hash = "sha256:0e086334e8537ddd17e5f16a344777c1ab8194986ec533711cbe6c41cde841b6", size = 263871, upload-time = "2026-02-09T12:58:47.334Z" },
    { url = "https://files.pythonhosted.org/packages/b6/76/b829869d464115e22499541def9796b25312b8cf235d3bb00b39f1675395/coverage-7.13.4-cp314-cp314t-musllinux_1_2_i686.whl", hash = "sha256:725d985c5ab621268b2edb8e50dfe57633dc69bda071abc470fed55a14935fd3", size = 261472, upload-time = "2026-02-09T12:58:48.995Z" },
    { url = "https://files.pythonhosted.org/packages/14/9e/caedb1679e73e2f6ad240173f55218488bfe043e38da577c4ec977489915/coverage-7.13.4-cp314-cp314t-musllinux_1_2_ppc64le.whl", hash = "sha256:3c06f0f1337c667b971ca2f975523347e63ec5e500b9aa5882d91931cd3ef750", size = 265210, upload-time = "2026-02-09T12:58:51.178Z" },
    { url = "https://files.pythonhosted.org/packages/3a/10/0dd02cb009b16ede425b49ec344aba13a6ae1dc39600840ea6abcb085ac4/coverage-7.13.4-cp314-cp314t-musllinux_1_2_riscv64.whl", hash = "sha256:590c0ed4bf8e85f745e6b805b2e1c457b2e33d5255dd9729743165253bc9ad39", size = 260319, upload-time = "2026-02-09T12:58:53.081Z" },
    { url = "https://files.pythonhosted.org/packages/92/8e/234d2c927af27c6d7a5ffad5bd2cf31634c46a477b4c7adfbfa66baf7ebb/coverage-7.13.4-cp314-cp314t-musllinux_1_2_x86_64.whl", hash = "sha256:eb30bf180de3f632cd043322dad5751390e5385108b2807368997d1a92a509d0", size = 262638, upload-time = "2026-02-09T12:58:55.258Z" },
    { url = "https://files.pythonhosted.org/packages/2f/64/e5547c8ff6964e5965c35a480855911b61509cce544f4d442caa759a0702/coverage-7.13.4-cp314-cp314t-win32.whl", hash = "sha256:c4240e7eded42d131a2d2c4dec70374b781b043ddc79a9de4d55ca71f8e98aea", size = 223040, upload-time = "2026-02-09T12:58:56.936Z" },
    { url = "https://files.pythonhosted.org/packages/c7/96/38086d58a181aac86d503dfa9c47eb20715a79c3e3acbdf786e92e5c09a8/coverage-7.13.4-cp314-cp314t-win_amd64.whl", hash = "sha256:4c7d3cc01e7350f2f0f6f7036caaf5673fb56b6998889ccfe9e1c1fe75a9c932", size = 224148, upload-time = "2026-02-09T12:58:58.645Z" },
    { url = "https://files.pythonhosted.org/packages/ce/72/8d10abd3740a0beb98c305e0c3faf454366221c0f37a8bcf8f60020bb65a/coverage-7.13.4-cp314-cp314t-win_arm64.whl", hash = "sha256:23e3f687cf945070d1c90f85db66d11e3025665d8dafa831301a0e0038f3db9b", size = 222172, upload-time = "2026-02-09T12:59:00.396Z" },
    { url = "https://files.pythonhosted.org/packages/0d/4a/331fe2caf6799d591109bb9c08083080f6de90a823695d412a935622abb2/coverage-7.13.4-py3-none-any.whl", hash = "sha256:1af1641e57cf7ba1bd67d677c9abdbcd6cc2ab7da3bca7fa1e2b7e50e65f2ad0", size = 211242, upload-time = "2026-02-09T12:59:02.032Z" },
]

[[package]]
name = "decorator"
version = "5.2.1"
source = { registry = "https://pypi.org/simple" }
sdist = { url = "https://files.pythonhosted.org/packages/43/fa/6d96a0978d19e17b68d634497769987b16c8f4cd0a7a05048bec693caa6b/decorator-5.2.1.tar.gz", hash = "sha256:65f266143752f734b0a7cc83c46f4618af75b8c5911b00ccb61d0ac9b6da0360", size = 56711, upload-time = "2025-02-24T04:41:34.073Z" }
wheels = [
    { url = "https://files.pythonhosted.org/packages/4e/8c/f3147f5c4b73e7550fe5f9352eaa956ae838d5c51eb58e7a25b9f3e2643b/decorator-5.2.1-py3-none-any.whl", hash = "sha256:d316bb415a2d9e2d2b3abcc4084c6502fc09240e292cd76a76afc106a1c8e04a", size = 9190, upload-time = "2025-02-24T04:41:32.565Z" },
]

[[package]]
name = "executing"
version = "2.2.1"
source = { registry = "https://pypi.org/simple" }
sdist = { url = "https://files.pythonhosted.org/packages/cc/28/c14e053b6762b1044f34a13aab6859bbf40456d37d23aa286ac24cfd9a5d/executing-2.2.1.tar.gz", hash = "sha256:3632cc370565f6648cc328b32435bd120a1e4ebb20c77e3fdde9a13cd1e533c4", size = 1129488, upload-time = "2025-09-01T09:48:10.866Z" }
wheels = [
    { url = "https://files.pythonhosted.org/packages/c1/ea/53f2148663b321f21b5a606bd5f191517cf40b7072c0497d3c92c4a13b1e/executing-2.2.1-py2.py3-none-any.whl", hash = "sha256:760643d3452b4d777d295bb167ccc74c64a81df23fb5e08eff250c425a4b2017", size = 28317, upload-time = "2025-09-01T09:48:08.5Z" },
]

[[package]]
name = "gmsh"
version = "4.15.0"
source = { registry = "https://pypi.org/simple" }
wheels = [
    { url = "https://files.pythonhosted.org/packages/d6/95/01df2f928b4498bd4705c5cf81b0ed191b6d3b6ce4eaa6fddf6890f4f7cd/gmsh-4.15.0-py2.py3-none-macosx_10_15_x86_64.whl", hash = "sha256:1a7951836982f97e21e8b2de106fe1e8455cde53719191a3950784b56e2606af", size = 40170061, upload-time = "2025-10-26T20:30:21.097Z" },
    { url = "https://files.pythonhosted.org/packages/29/a4/b1e9b4997c6f4a29fb8a9736851430bf306701e5f7f1266eafc1f860cbfe/gmsh-4.15.0-py2.py3-none-macosx_12_0_arm64.whl", hash = "sha256:042f76562244dfbad46edfeacaa092c8c95a9df8fb4fd7611771477f0031be0d", size = 36425180, upload-time = "2025-10-26T20:30:25.241Z" },
    { url = "https://files.pythonhosted.org/packages/63/22/27f88a5a1c48b833c5893a23b71cf74b5270fac82d88e337ec2c138e8853/gmsh-4.15.0-py2.py3-none-manylinux_2_24_x86_64.whl", hash = "sha256:998527cb172f2529c6beca7334a6ca788fa54fbb3d4f817deb0903005d49344d", size = 40003017, upload-time = "2025-10-26T20:30:28.718Z" },
    { url = "https://files.pythonhosted.org/packages/23/51/21175eb9c6a592431a5c87f288ce447af1cea68a6ad4169765dc7ab7a9e7/gmsh-4.15.0-py2.py3-none-win_amd64.whl", hash = "sha256:a5b9867f88af59aff269a93abbd009551fbc263eb94a165a25a0c8072bae13db", size = 42233991, upload-time = "2025-10-26T20:30:32.722Z" },
]

[[package]]
name = "iniconfig"
version = "2.3.0"
source = { registry = "https://pypi.org/simple" }
sdist = { url = "https://files.pythonhosted.org/packages/72/34/14ca021ce8e5dfedc35312d08ba8bf51fdd999c576889fc2c24cb97f4f10/iniconfig-2.3.0.tar.gz", hash = "sha256:c76315c77db068650d49c5b56314774a7804df16fee4402c1f19d6d15d8c4730", size = 20503, upload-time = "2025-10-18T21:55:43.219Z" }
wheels = [
    { url = "https://files.pythonhosted.org/packages/cb/b1/3846dd7f199d53cb17f49cba7e651e9ce294d8497c8c150530ed11865bb8/iniconfig-2.3.0-py3-none-any.whl", hash = "sha256:f631c04d2c48c52b84d0d0549c99ff3859c98df65b3101406327ecc7d53fbf12", size = 7484, upload-time = "2025-10-18T21:55:41.639Z" },
]

[[package]]
name = "ipython"
version = "9.10.0"
source = { registry = "https://pypi.org/simple" }
dependencies = [
    { name = "colorama", marker = "sys_platform == 'win32'" },
    { name = "decorator" },
    { name = "ipython-pygments-lexers" },
    { name = "jedi" },
    { name = "matplotlib-inline" },
    { name = "pexpect", marker = "sys_platform != 'emscripten' and sys_platform != 'win32'" },
    { name = "prompt-toolkit" },
    { name = "pygments" },
    { name = "stack-data" },
    { name = "traitlets" },
]
sdist = { url = "https://files.pythonhosted.org/packages/a6/60/2111715ea11f39b1535bed6024b7dec7918b71e5e5d30855a5b503056b50/ipython-9.10.0.tar.gz", hash = "sha256:cd9e656be97618a0676d058134cd44e6dc7012c0e5cb36a9ce96a8c904adaf77", size = 4426526, upload-time = "2026-02-02T10:00:33.594Z" }
wheels = [
    { url = "https://files.pythonhosted.org/packages/3d/aa/898dec789a05731cd5a9f50605b7b44a72bd198fd0d4528e11fc610177cc/ipython-9.10.0-py3-none-any.whl", hash = "sha256:c6ab68cc23bba8c7e18e9b932797014cc61ea7fd6f19de180ab9ba73e65ee58d", size = 622774, upload-time = "2026-02-02T10:00:31.503Z" },
]

[[package]]
name = "ipython-pygments-lexers"
version = "1.1.1"
source = { registry = "https://pypi.org/simple" }
dependencies = [
    { name = "pygments" },
]
sdist = { url = "https://files.pythonhosted.org/packages/ef/4c/5dd1d8af08107f88c7f741ead7a40854b8ac24ddf9ae850afbcf698aa552/ipython_pygments_lexers-1.1.1.tar.gz", hash = "sha256:09c0138009e56b6854f9535736f4171d855c8c08a563a0dcd8022f78355c7e81", size = 8393, upload-time = "2025-01-17T11:24:34.505Z" }
wheels = [
    { url = "https://files.pythonhosted.org/packages/d9/33/1f075bf72b0b747cb3288d011319aaf64083cf2efef8354174e3ed4540e2/ipython_pygments_lexers-1.1.1-py3-none-any.whl", hash = "sha256:a9462224a505ade19a605f71f8fa63c2048833ce50abc86768a0d81d876dc81c", size = 8074, upload-time = "2025-01-17T11:24:33.271Z" },
]

[[package]]
name = "jedi"
version = "0.19.2"
source = { registry = "https://pypi.org/simple" }
dependencies = [
    { name = "parso" },
]
sdist = { url = "https://files.pythonhosted.org/packages/72/3a/79a912fbd4d8dd6fbb02bf69afd3bb72cf0c729bb3063c6f4498603db17a/jedi-0.19.2.tar.gz", hash = "sha256:4770dc3de41bde3966b02eb84fbcf557fb33cce26ad23da12c742fb50ecb11f0", size = 1231287, upload-time = "2024-11-11T01:41:42.873Z" }
wheels = [
    { url = "https://files.pythonhosted.org/packages/c0/5a/9cac0c82afec3d09ccd97c8b6502d48f165f9124db81b4bcb90b4af974ee/jedi-0.19.2-py2.py3-none-any.whl", hash = "sha256:a8ef22bde8490f57fe5c7681a3c83cb58874daf72b4784de3cce5b6ef6edb5b9", size = 1572278, upload-time = "2024-11-11T01:41:40.175Z" },
]

[[package]]
name = "jinja2"
version = "3.1.6"
source = { registry = "https://pypi.org/simple" }
dependencies = [
    { name = "markupsafe" },
]
sdist = { url = "https://files.pythonhosted.org/packages/df/bf/f7da0350254c0ed7c72f3e33cef02e048281fec7ecec5f032d4aac52226b/jinja2-3.1.6.tar.gz", hash = "sha256:0137fb05990d35f1275a587e9aee6d56da821fc83491a0fb838183be43f66d6d", size = 245115, upload-time = "2025-03-05T20:05:02.478Z" }
wheels = [
    { url = "https://files.pythonhosted.org/packages/62/a1/3d680cbfd5f4b8f15abc1d571870c5fc3e594bb582bc3b64ea099db13e56/jinja2-3.1.6-py3-none-any.whl", hash = "sha256:85ece4451f492d0c13c5dd7c13a64681a86afae63a5f347908daf103ce6d2f67", size = 134899, upload-time = "2025-03-05T20:05:00.369Z" },
]

[[package]]
name = "markdown2"
version = "2.5.4"
source = { registry = "https://pypi.org/simple" }
sdist = { url = "https://files.pythonhosted.org/packages/42/f8/b2ae8bf5f28f9b510ae097415e6e4cb63226bb28d7ee01aec03a755ba03b/markdown2-2.5.4.tar.gz", hash = "sha256:a09873f0b3c23dbfae589b0080587df52ad75bb09a5fa6559147554736676889", size = 145652, upload-time = "2025-07-27T16:16:24.307Z" }
wheels = [
    { url = "https://files.pythonhosted.org/packages/b8/06/2697b5043c3ecb720ce0d243fc7cf5024c0b5b1e450506e9b21939019963/markdown2-2.5.4-py3-none-any.whl", hash = "sha256:3c4b2934e677be7fec0e6f2de4410e116681f4ad50ec8e5ba7557be506d3f439", size = 49954, upload-time = "2025-07-27T16:16:23.026Z" },
]

[[package]]
name = "markupsafe"
version = "3.0.3"
source = { registry = "https://pypi.org/simple" }
sdist = { url = "https://files.pythonhosted.org/packages/7e/99/7690b6d4034fffd95959cbe0c02de8deb3098cc577c67bb6a24fe5d7caa7/markupsafe-3.0.3.tar.gz", hash = "sha256:722695808f4b6457b320fdc131280796bdceb04ab50fe1795cd540799ebe1698", size = 80313, upload-time = "2025-09-27T18:37:40.426Z" }
wheels = [
    { url = "https://files.pythonhosted.org/packages/33/8a/8e42d4838cd89b7dde187011e97fe6c3af66d8c044997d2183fbd6d31352/markupsafe-3.0.3-cp314-cp314-macosx_10_13_x86_64.whl", hash = "sha256:eaa9599de571d72e2daf60164784109f19978b327a3910d3e9de8c97b5b70cfe", size = 11619, upload-time = "2025-09-27T18:37:06.342Z" },
    { url = "https://files.pythonhosted.org/packages/b5/64/7660f8a4a8e53c924d0fa05dc3a55c9cee10bbd82b11c5afb27d44b096ce/markupsafe-3.0.3-cp314-cp314-macosx_11_0_arm64.whl", hash = "sha256:c47a551199eb8eb2121d4f0f15ae0f923d31350ab9280078d1e5f12b249e0026", size = 12029, upload-time = "2025-09-27T18:37:07.213Z" },
    { url = "https://files.pythonhosted.org/packages/da/ef/e648bfd021127bef5fa12e1720ffed0c6cbb8310c8d9bea7266337ff06de/markupsafe-3.0.3-cp314-cp314-manylinux2014_aarch64.manylinux_2_17_aarch64.manylinux_2_28_aarch64.whl", hash = "sha256:f34c41761022dd093b4b6896d4810782ffbabe30f2d443ff5f083e0cbbb8c737", size = 24408, upload-time = "2025-09-27T18:37:09.572Z" },
    { url = "https://files.pythonhosted.org/packages/41/3c/a36c2450754618e62008bf7435ccb0f88053e07592e6028a34776213d877/markupsafe-3.0.3-cp314-cp314-manylinux2014_x86_64.manylinux_2_17_x86_64.manylinux_2_28_x86_64.whl", hash = "sha256:457a69a9577064c05a97c41f4e65148652db078a3a509039e64d3467b9e7ef97", size = 23005, upload-time = "2025-09-27T18:37:10.58Z" },
    { url = "https://files.pythonhosted.org/packages/bc/20/b7fdf89a8456b099837cd1dc21974632a02a999ec9bf7ca3e490aacd98e7/markupsafe-3.0.3-cp314-cp314-manylinux_2_31_riscv64.manylinux_2_39_riscv64.whl", hash = "sha256:e8afc3f2ccfa24215f8cb28dcf43f0113ac3c37c2f0f0806d8c70e4228c5cf4d", size = 22048, upload-time = "2025-09-27T18:37:11.547Z" },
    { url = "https://files.pythonhosted.org/packages/9a/a7/591f592afdc734f47db08a75793a55d7fbcc6902a723ae4cfbab61010cc5/markupsafe-3.0.3-cp314-cp314-musllinux_1_2_aarch64.whl", hash = "sha256:ec15a59cf5af7be74194f7ab02d0f59a62bdcf1a537677ce67a2537c9b87fcda", size = 23821, upload-time = "2025-09-27T18:37:12.48Z" },
    { url = "https://files.pythonhosted.org/packages/7d/33/45b24e4f44195b26521bc6f1a82197118f74df348556594bd2262bda1038/markupsafe-3.0.3-cp314-cp314-musllinux_1_2_riscv64.whl", hash = "sha256:0eb9ff8191e8498cca014656ae6b8d61f39da5f95b488805da4bb029cccbfbaf", size = 21606, upload-time = "2025-09-27T18:37:13.485Z" },
    { url = "https://files.pythonhosted.org/packages/ff/0e/53dfaca23a69fbfbbf17a4b64072090e70717344c52eaaaa9c5ddff1e5f0/markupsafe-3.0.3-cp314-cp314-musllinux_1_2_x86_64.whl", hash = "sha256:2713baf880df847f2bece4230d4d094280f4e67b1e813eec43b4c0e144a34ffe", size = 23043, upload-time = "2025-09-27T18:37:14.408Z" },
    { url = "https://files.pythonhosted.org/packages/46/11/f333a06fc16236d5238bfe74daccbca41459dcd8d1fa952e8fbd5dccfb70/markupsafe-3.0.3-cp314-cp314-win32.whl", hash = "sha256:729586769a26dbceff69f7a7dbbf59ab6572b99d94576a5592625d5b411576b9", size = 14747, upload-time = "2025-09-27T18:37:15.36Z" },
    { url = "https://files.pythonhosted.org/packages/28/52/182836104b33b444e400b14f797212f720cbc9ed6ba34c800639d154e821/markupsafe-3.0.3-cp314-cp314-win_amd64.whl", hash = "sha256:bdc919ead48f234740ad807933cdf545180bfbe9342c2bb451556db2ed958581", size = 15341, upload-time = "2025-09-27T18:37:16.496Z" },
    { url = "https://files.pythonhosted.org/packages/6f/18/acf23e91bd94fd7b3031558b1f013adfa21a8e407a3fdb32745538730382/markupsafe-3.0.3-cp314-cp314-win_arm64.whl", hash = "sha256:5a7d5dc5140555cf21a6fefbdbf8723f06fcd2f63ef108f2854de715e4422cb4", size = 14073, upload-time = "2025-09-27T18:37:17.476Z" },
    { url = "https://files.pythonhosted.org/packages/3c/f0/57689aa4076e1b43b15fdfa646b04653969d50cf30c32a102762be2485da/markupsafe-3.0.3-cp314-cp314t-macosx_10_13_x86_64.whl", hash = "sha256:1353ef0c1b138e1907ae78e2f6c63ff67501122006b0f9abad68fda5f4ffc6ab", size = 11661, upload-time = "2025-09-27T18:37:18.453Z" },
    { url = "https://files.pythonhosted.org/packages/89/c3/2e67a7ca217c6912985ec766c6393b636fb0c2344443ff9d91404dc4c79f/markupsafe-3.0.3-cp314-cp314t-macosx_11_0_arm64.whl", hash = "sha256:1085e7fbddd3be5f89cc898938f42c0b3c711fdcb37d75221de2666af647c175", size = 12069, upload-time = "2025-09-27T18:37:19.332Z" },
    { url = "https://files.pythonhosted.org/packages/f0/00/be561dce4e6ca66b15276e184ce4b8aec61fe83662cce2f7d72bd3249d28/markupsafe-3.0.3-cp314-cp314t-manylinux2014_aarch64.manylinux_2_17_aarch64.manylinux_2_28_aarch64.whl", hash = "sha256:1b52b4fb9df4eb9ae465f8d0c228a00624de2334f216f178a995ccdcf82c4634", size = 25670, upload-time = "2025-09-27T18:37:20.245Z" },
    { url = "https://files.pythonhosted.org/packages/50/09/c419f6f5a92e5fadde27efd190eca90f05e1261b10dbd8cbcb39cd8ea1dc/markupsafe-3.0.3-cp314-cp314t-manylinux2014_x86_64.manylinux_2_17_x86_64.manylinux_2_28_x86_64.whl", hash = "sha256:fed51ac40f757d41b7c48425901843666a6677e3e8eb0abcff09e4ba6e664f50", size = 23598, upload-time = "2025-09-27T18:37:21.177Z" },
    { url = "https://files.pythonhosted.org/packages/22/44/a0681611106e0b2921b3033fc19bc53323e0b50bc70cffdd19f7d679bb66/markupsafe-3.0.3-cp314-cp314t-manylinux_2_31_riscv64.manylinux_2_39_riscv64.whl", hash = "sha256:f190daf01f13c72eac4efd5c430a8de82489d9cff23c364c3ea822545032993e", size = 23261, upload-time = "2025-09-27T18:37:22.167Z" },
    { url = "https://files.pythonhosted.org/packages/5f/57/1b0b3f100259dc9fffe780cfb60d4be71375510e435efec3d116b6436d43/markupsafe-3.0.3-cp314-cp314t-musllinux_1_2_aarch64.whl", hash = "sha256:e56b7d45a839a697b5eb268c82a71bd8c7f6c94d6fd50c3d577fa39a9f1409f5", size = 24835, upload-time = "2025-09-27T18:37:23.296Z" },
    { url = "https://files.pythonhosted.org/packages/26/6a/4bf6d0c97c4920f1597cc14dd720705eca0bf7c787aebc6bb4d1bead5388/markupsafe-3.0.3-cp314-cp314t-musllinux_1_2_riscv64.whl", hash = "sha256:f3e98bb3798ead92273dc0e5fd0f31ade220f59a266ffd8a4f6065e0a3ce0523", size = 22733, upload-time = "2025-09-27T18:37:24.237Z" },
    { url = "https://files.pythonhosted.org/packages/14/c7/ca723101509b518797fedc2fdf79ba57f886b4aca8a7d31857ba3ee8281f/markupsafe-3.0.3-cp314-cp314t-musllinux_1_2_x86_64.whl", hash = "sha256:5678211cb9333a6468fb8d8be0305520aa073f50d17f089b5b4b477ea6e67fdc", size = 23672, upload-time = "2025-09-27T18:37:25.271Z" },
    { url = "https://files.pythonhosted.org/packages/fb/df/5bd7a48c256faecd1d36edc13133e51397e41b73bb77e1a69deab746ebac/markupsafe-3.0.3-cp314-cp314t-win32.whl", hash = "sha256:915c04ba3851909ce68ccc2b8e2cd691618c4dc4c4232fb7982bca3f41fd8c3d", size = 14819, upload-time = "2025-09-27T18:37:26.285Z" },
    { url = "https://files.pythonhosted.org/packages/1a/8a/0402ba61a2f16038b48b39bccca271134be00c5c9f0f623208399333c448/markupsafe-3.0.3-cp314-cp314t-win_amd64.whl", hash = "sha256:4faffd047e07c38848ce017e8725090413cd80cbc23d86e55c587bf979e579c9", size = 15426, upload-time = "2025-09-27T18:37:27.316Z" },
    { url = "https://files.pythonhosted.org/packages/70/bc/6f1c2f612465f5fa89b95bead1f44dcb607670fd42891d8fdcd5d039f4f4/markupsafe-3.0.3-cp314-cp314t-win_arm64.whl", hash = "sha256:32001d6a8fc98c8cb5c947787c5d08b0a50663d139f1305bac5885d98d9b40fa", size = 14146, upload-time = "2025-09-27T18:37:28.327Z" },
]

[[package]]
name = "matplotlib-inline"
version = "0.2.1"
source = { registry = "https://pypi.org/simple" }
dependencies = [
    { name = "traitlets" },
]
sdist = { url = "https://files.pythonhosted.org/packages/c7/74/97e72a36efd4ae2bccb3463284300f8953f199b5ffbc04cbbb0ec78f74b1/matplotlib_inline-0.2.1.tar.gz", hash = "sha256:e1ee949c340d771fc39e241ea75683deb94762c8fa5f2927ec57c83c4dffa9fe", size = 8110, upload-time = "2025-10-23T09:00:22.126Z" }
wheels = [
    { url = "https://files.pythonhosted.org/packages/af/33/ee4519fa02ed11a94aef9559552f3b17bb863f2ecfe1a35dc7f548cde231/matplotlib_inline-0.2.1-py3-none-any.whl", hash = "sha256:d56ce5156ba6085e00a9d54fead6ed29a9c47e215cd1bba2e976ef39f5710a76", size = 9516, upload-time = "2025-10-23T09:00:20.675Z" },
]

[[package]]
name = "maturin"
version = "1.13.1"
source = { registry = "https://pypi.org/simple" }
sdist = { url = "https://files.pythonhosted.org/packages/39/16/b284a7bc4af3dd87717c784278c1b8cb18606ad1f6f7a671c47bfd9c3df0/maturin-1.13.1.tar.gz", hash = "sha256:9a87ff3b8e4d1c6eac33ebfe8e261e8236516d98d45c0323550621819b5a1a2f", size = 340369, upload-time = "2026-04-09T15:14:07.026Z" }
wheels = [
    { url = "https://files.pythonhosted.org/packages/43/4d/a23fc95be881aa8c7a6ea353410417872e4d7065df03d7f3db8f0dbed4a7/maturin-1.13.1-py3-none-linux_armv6l.whl", hash = "sha256:416e4e01cb88b798e606ee43929df897e42c1647b722ef68283816cca99a8742", size = 10102444, upload-time = "2026-04-09T15:13:48.393Z" },
    { url = "https://files.pythonhosted.org/packages/a6/1e/65c385d65bae95cf04895d52f39dbed8b1453ae55da2903d252ade40a774/maturin-1.13.1-py3-none-macosx_10_12_x86_64.macosx_11_0_arm64.macosx_10_12_universal2.whl", hash = "sha256:72888e87819ce546d0d2df900e4b385e4ef299077d92ee37b48923a5602dae94", size = 19576043, upload-time = "2026-04-09T15:14:08.685Z" },
    { url = "https://files.pythonhosted.org/packages/8f/13/f6bc868d0bfecd9314870b97f530a167e31f7878ac4945c78245c6eef69c/maturin-1.13.1-py3-none-macosx_10_12_x86_64.whl", hash = "sha256:98b5fcf1a186c217830a8295ecc2989c6b1cf50945417adfc15252107b9475b7", size = 10117339, upload-time = "2026-04-09T15:13:40.559Z" },
    { url = "https://files.pythonhosted.org/packages/51/58/279e081305c11c1c1c4fccacf77df8959646c5d4de7a57ec7e787653e270/maturin-1.13.1-py3-none-manylinux_2_12_i686.manylinux2010_i686.musllinux_1_1_i686.whl", hash = "sha256:3da18cccf2f683c0977bff9146a0908d6ffce836d600665736ac01679f588cb9", size = 10139689, upload-time = "2026-04-09T15:13:38.291Z" },
    { url = "https://files.pythonhosted.org/packages/00/94/69391af5396c6aab723932240803f49e5f3de3dd7c57d32f02d237a0ce32/maturin-1.13.1-py3-none-manylinux_2_12_x86_64.manylinux2010_x86_64.musllinux_1_1_x86_64.whl", hash = "sha256:6b1e5916a253243e8f5f9e847b62bbc98420eec48c9ce2e2e8724c6da89d359b", size = 10551141, upload-time = "2026-04-09T15:13:42.887Z" },
    { url = "https://files.pythonhosted.org/packages/9e/bf/4edac2667b49e3733438062ae416413b8fc8d42e1bd499ba15e1fb02fc55/maturin-1.13.1-py3-none-manylinux_2_17_aarch64.manylinux2014_aarch64.musllinux_1_1_aarch64.whl", hash = "sha256:dc91031e0619c1e28730279ef9ee5f106c9b9ec806b013f888676b242f892eb7", size = 9983094, upload-time = "2026-04-09T15:13:56.868Z" },
    { url = "https://files.pythonhosted.org/packages/79/94/a6d651cfe8fc6bf2e892c90e3cdbb25c06d81c9115140d03ea1a68a97575/maturin-1.13.1-py3-none-manylinux_2_17_armv7l.manylinux2014_armv7l.musllinux_1_1_armv7l.whl", hash = "sha256:001741c6cff56aa8ea59a0d78ae990c0550d0e3e82b00b683eedb4158a8ef7e6", size = 9949980, upload-time = "2026-04-09T15:13:59.185Z" },
    { url = "https://files.pythonhosted.org/packages/b5/d1/82c067464f848e38af9910bce55eb54302b1c1284a279d515dbfcf5994f5/maturin-1.13.1-py3-none-manylinux_2_17_ppc64le.manylinux2014_ppc64le.musllinux_1_1_ppc64le.whl", hash = "sha256:01c845825c917c07c1d0b2c9032c59c16a7d383d1e649a46481d3e5693c2750f", size = 13186276, upload-time = "2026-04-09T15:13:45.725Z" },
    { url = "https://files.pythonhosted.org/packages/7c/f4/25367baf1025580f047f9b37598bb3fadc416e24536afd4f28e190335c73/maturin-1.13.1-py3-none-manylinux_2_17_s390x.manylinux2014_s390x.whl", hash = "sha256:f69093ed4a0e6464e52a7fc26d714f859ce15630ec8070743398c6bf41f38a9e", size = 10891837, upload-time = "2026-04-09T15:13:35.68Z" },
    { url = "https://files.pythonhosted.org/packages/af/be/caafad8ce74974b7deafdf144d12f758993dfea4c66c9905b138f51a7792/maturin-1.13.1-py3-none-manylinux_2_31_riscv64.musllinux_1_1_riscv64.whl", hash = "sha256:c1490584f3c70af45466ee99065b49e6657ebdccac6b10571bb44681309c9396", size = 10351032, upload-time = "2026-04-09T15:14:01.632Z" },
    { url = "https://files.pythonhosted.org/packages/66/0e/970a721d27cfa410e8bfa0a1e32e6ef52cb8169692110a5fdabe1af3f570/maturin-1.13.1-py3-none-win32.whl", hash = "sha256:c6a720b252c99de072922dbe4432ab19662b6f80045b0355fec23bdfccb450da", size = 8855465, upload-time = "2026-04-09T15:13:51.122Z" },
    { url = "https://files.pythonhosted.org/packages/88/70/7c1e0d65fa147d5479055a171541c82b8cdfc1c825d85a82240470f14176/maturin-1.13.1-py3-none-win_amd64.whl", hash = "sha256:a2017d2281203d0c6570240e7d746564d766d756105823b7de68bda6ae722711", size = 10230471, upload-time = "2026-04-09T15:13:53.89Z" },
    { url = "https://files.pythonhosted.org/packages/c5/2a/afe0193b673a79ffd2e01ad999511b7e9e6b49af02bb3759d82a78c3043d/maturin-1.13.1-py3-none-win_arm64.whl", hash = "sha256:2839024dcd65776abb4759e5bca29941971e095574162a4d335191da4be9ff24", size = 8905575, upload-time = "2026-04-09T15:14:03.891Z" },
]

[[package]]
name = "nurbslib"
version = "0.1.0"
source = { registry = "wheel" }
dependencies = [
    { name = "maturin" },
]
wheels = [
    { path = "nurbslib-0.1.0-cp39-abi3-manylinux_2_34_x86_64.whl" },
]

[[package]]
name = "packaging"
version = "26.0"
source = { registry = "https://pypi.org/simple" }
sdist = { url = "https://files.pythonhosted.org/packages/65/ee/299d360cdc32edc7d2cf530f3accf79c4fca01e96ffc950d8a52213bd8e4/packaging-26.0.tar.gz", hash = "sha256:00243ae351a257117b6a241061796684b084ed1c516a08c48a3f7e147a9d80b4", size = 143416, upload-time = "2026-01-21T20:50:39.064Z" }
wheels = [
    { url = "https://files.pythonhosted.org/packages/b7/b9/c538f279a4e237a006a2c98387d081e9eb060d203d8ed34467cc0f0b9b53/packaging-26.0-py3-none-any.whl", hash = "sha256:b36f1fef9334a5588b4166f8bcd26a14e521f2b55e6b9de3aaa80d3ff7a37529", size = 74366, upload-time = "2026-01-21T20:50:37.788Z" },
]

[[package]]
name = "panda3d"
version = "1.10.16"
source = { registry = "https://pypi.org/simple" }
wheels = [
    { url = "https://files.pythonhosted.org/packages/46/03/e8cfa0945819013265f307d22556706580b5708886a3c3eefd4646564876/panda3d-1.10.16-cp314-cp314-macosx_11_0_universal2.whl", hash = "sha256:7c7405363cee90c669ca05f1ac78740f8b34d8cffaf5a6ab98205994a4f6f470", size = 122415485, upload-time = "2025-12-25T19:29:40.528Z" },
    { url = "https://files.pythonhosted.org/packages/d4/96/355ef9b2fe94b53ad40a9b77fe2c7dc695b2d2bebb7b347e4262770a973a/panda3d-1.10.16-cp314-cp314-manylinux2014_aarch64.whl", hash = "sha256:35bacb8f879abe056ba300650d134326a5a3472c97b99d17b5b775bef4161f3d", size = 48733801, upload-time = "2025-12-25T19:29:45.647Z" },
    { url = "https://files.pythonhosted.org/packages/20/78/7b267a61ba97cd80acf52d16e67e6d1a1060775544404aec8d7939fd7d6c/panda3d-1.10.16-cp314-cp314-manylinux2014_x86_64.whl", hash = "sha256:16cb0feb8b4d97d2e1a7620650b8c1f9b1e561eb738cb4b69646e773ea942693", size = 53987429, upload-time = "2025-12-25T19:29:50.777Z" },
    { url = "https://files.pythonhosted.org/packages/2d/93/2e856d9b336b1dd8aa4b7088514781d3afd4b2d37f4a4acc5c287bf2d74f/panda3d-1.10.16-cp314-cp314-win32.whl", hash = "sha256:e4f7e161a8fa3e0f52bb1822dc21053e3d3503ec9550a3a07bb2acda8491c97c", size = 57078983, upload-time = "2025-12-25T19:30:25.686Z" },
    { url = "https://files.pythonhosted.org/packages/3e/72/09a544c447c357e4babc0f81021a058a02680d5bca6b732757c9952f9b3b/panda3d-1.10.16-cp314-cp314-win_amd64.whl", hash = "sha256:0978ca7d2953d37ed3ed8d99abd1ee77bbfc75fe6ea47019d0f5f5dad830d853", size = 69839160, upload-time = "2025-12-25T19:30:31.708Z" },
    { url = "https://files.pythonhosted.org/packages/31/a3/898911bbcc515eab32df169e289f10056fe74d594907dd593eded5fc1b71/panda3d-1.10.16-cp314-cp314t-macosx_11_0_universal2.whl", hash = "sha256:b45c89a24b96302a1dd13bbf33b943ee4781711d6c7e75c920941c05f1c9d176", size = 128065871, upload-time = "2025-12-25T19:29:58.72Z" },
    { url = "https://files.pythonhosted.org/packages/18/f6/b2f6fa8e7390b985c26a32a32839ec8b42c8f57ddd03770ea1fbe5cb5852/panda3d-1.10.16-cp314-cp314t-manylinux2014_aarch64.whl", hash = "sha256:8476826dd35c633870fb30754bddbfd83572903181628a3bbe2cdbece602ec0e", size = 49225206, upload-time = "2025-12-25T19:30:04.054Z" },
    { url = "https://files.pythonhosted.org/packages/8e/07/391b4dd6142539ab360b587bd7b17f25ab52d3e6acf2f22a7a8929544a87/panda3d-1.10.16-cp314-cp314t-manylinux2014_x86_64.whl", hash = "sha256:90712b13bdcbec4222af8573d8f20f4ded3928368b8fe2110dc9bd42c3d59067", size = 54433358, upload-time = "2025-12-25T19:30:08.525Z" },
    { url = "https://files.pythonhosted.org/packages/4d/22/58cbe1d4a2c7075b924527bd4edf22f0209a3357337098e7e2a222acb02e/panda3d-1.10.16-cp314-cp314t-win32.whl", hash = "sha256:89b38011329c6324a726752e0a4f9b85936afb1f0d777297eb526549600338f4", size = 57197476, upload-time = "2025-12-25T19:30:13.307Z" },
    { url = "https://files.pythonhosted.org/packages/9d/0a/ab1e63ebd5dd31e05a57efa9aaa6a9ed16c2712dc08b74523148c137fd7b/panda3d-1.10.16-cp314-cp314t-win_amd64.whl", hash = "sha256:66485e7518a58a078167f3f1c1b87d969089259df0409ec8d7d6cb2a9e800e41", size = 69891809, upload-time = "2025-12-25T19:30:19.733Z" },
]

[[package]]
name = "parso"
version = "0.8.6"
source = { registry = "https://pypi.org/simple" }
sdist = { url = "https://files.pythonhosted.org/packages/81/76/a1e769043c0c0c9fe391b702539d594731a4362334cdf4dc25d0c09761e7/parso-0.8.6.tar.gz", hash = "sha256:2b9a0332696df97d454fa67b81618fd69c35a7b90327cbe6ba5c92d2c68a7bfd", size = 401621, upload-time = "2026-02-09T15:45:24.425Z" }
wheels = [
    { url = "https://files.pythonhosted.org/packages/b6/61/fae042894f4296ec49e3f193aff5d7c18440da9e48102c3315e1bc4519a7/parso-0.8.6-py2.py3-none-any.whl", hash = "sha256:2c549f800b70a5c4952197248825584cb00f033b29c692671d3bf08bf380baff", size = 106894, upload-time = "2026-02-09T15:45:21.391Z" },
]

[[package]]
name = "pdoc"
version = "16.0.0"
source = { registry = "https://pypi.org/simple" }
dependencies = [
    { name = "jinja2" },
    { name = "markdown2" },
    { name = "markupsafe" },
    { name = "pygments" },
]
sdist = { url = "https://files.pythonhosted.org/packages/ac/fe/ab3f34a5fb08c6b698439a2c2643caf8fef0d61a86dd3fdcd5501c670ab8/pdoc-16.0.0.tar.gz", hash = "sha256:fdadc40cc717ec53919e3cd720390d4e3bcd40405cb51c4918c119447f913514", size = 111890, upload-time = "2025-10-27T16:02:16.345Z" }
wheels = [
    { url = "https://files.pythonhosted.org/packages/16/a1/56a17b7f9e18c2bb8df73f3833345d97083b344708b97bab148fdd7e0b82/pdoc-16.0.0-py3-none-any.whl", hash = "sha256:070b51de2743b9b1a4e0ab193a06c9e6c12cf4151cf9137656eebb16e8556628", size = 100014, upload-time = "2025-10-27T16:02:15.007Z" },
]

[[package]]
name = "pexpect"
version = "4.9.0"
source = { registry = "https://pypi.org/simple" }
dependencies = [
    { name = "ptyprocess" },
]
sdist = { url = "https://files.pythonhosted.org/packages/42/92/cc564bf6381ff43ce1f4d06852fc19a2f11d180f23dc32d9588bee2f149d/pexpect-4.9.0.tar.gz", hash = "sha256:ee7d41123f3c9911050ea2c2dac107568dc43b2d3b0c7557a33212c398ead30f", size = 166450, upload-time = "2023-11-25T09:07:26.339Z" }
wheels = [
    { url = "https://files.pythonhosted.org/packages/9e/c3/059298687310d527a58bb01f3b1965787ee3b40dce76752eda8b44e9a2c5/pexpect-4.9.0-py2.py3-none-any.whl", hash = "sha256:7236d1e080e4936be2dc3e326cec0af72acf9212a7e1d060210e70a47e253523", size = 63772, upload-time = "2023-11-25T06:56:14.81Z" },
]

[[package]]
name = "pluggy"
version = "1.6.0"
source = { registry = "https://pypi.org/simple" }
sdist = { url = "https://files.pythonhosted.org/packages/f9/e2/3e91f31a7d2b083fe6ef3fa267035b518369d9511ffab804f839851d2779/pluggy-1.6.0.tar.gz", hash = "sha256:7dcc130b76258d33b90f61b658791dede3486c3e6bfb003ee5c9bfb396dd22f3", size = 69412, upload-time = "2025-05-15T12:30:07.975Z" }
wheels = [
    { url = "https://files.pythonhosted.org/packages/54/20/4d324d65cc6d9205fabedc306948156824eb9f0ee1633355a8f7ec5c66bf/pluggy-1.6.0-py3-none-any.whl", hash = "sha256:e920276dd6813095e9377c0bc5566d94c932c33b27a3e3945d8389c374dd4746", size = 20538, upload-time = "2025-05-15T12:30:06.134Z" },
]

[[package]]
name = "prompt-toolkit"
version = "3.0.52"
source = { registry = "https://pypi.org/simple" }
dependencies = [
    { name = "wcwidth" },
]
sdist = { url = "https://files.pythonhosted.org/packages/a1/96/06e01a7b38dce6fe1db213e061a4602dd6032a8a97ef6c1a862537732421/prompt_toolkit-3.0.52.tar.gz", hash = "sha256:28cde192929c8e7321de85de1ddbe736f1375148b02f2e17edd840042b1be855", size = 434198, upload-time = "2025-08-27T15:24:02.057Z" }
wheels = [
    { url = "https://files.pythonhosted.org/packages/84/03/0d3ce49e2505ae70cf43bc5bb3033955d2fc9f932163e84dc0779cc47f48/prompt_toolkit-3.0.52-py3-none-any.whl", hash = "sha256:9aac639a3bbd33284347de5ad8d68ecc044b91a762dc39b7c21095fcd6a19955", size = 391431, upload-time = "2025-08-27T15:23:59.498Z" },
]

[[package]]
name = "ptyprocess"
version = "0.7.0"
source = { registry = "https://pypi.org/simple" }
sdist = { url = "https://files.pythonhosted.org/packages/20/e5/16ff212c1e452235a90aeb09066144d0c5a6a8c0834397e03f5224495c4e/ptyprocess-0.7.0.tar.gz", hash = "sha256:5c5d0a3b48ceee0b48485e0c26037c0acd7d29765ca3fbb5cb3831d347423220", size = 70762, upload-time = "2020-12-28T15:15:30.155Z" }
wheels = [
    { url = "https://files.pythonhosted.org/packages/22/a6/858897256d0deac81a172289110f31629fc4cee19b6f01283303e18c8db3/ptyprocess-0.7.0-py2.py3-none-any.whl", hash = "sha256:4b41f3967fce3af57cc7e94b888626c18bf37a083e3651ca8feeb66d492fef35", size = 13993, upload-time = "2020-12-28T15:15:28.35Z" },
]

[[package]]
name = "pure-eval"
version = "0.2.3"
source = { registry = "https://pypi.org/simple" }
sdist = { url = "https://files.pythonhosted.org/packages/cd/05/0a34433a064256a578f1783a10da6df098ceaa4a57bbeaa96a6c0352786b/pure_eval-0.2.3.tar.gz", hash = "sha256:5f4e983f40564c576c7c8635ae88db5956bb2229d7e9237d03b3c0b0190eaf42", size = 19752, upload-time = "2024-07-21T12:58:21.801Z" }
wheels = [
    { url = "https://files.pythonhosted.org/packages/8e/37/efad0257dc6e593a18957422533ff0f87ede7c9c6ea010a2177d738fb82f/pure_eval-0.2.3-py3-none-any.whl", hash = "sha256:1db8e35b67b3d218d818ae653e27f06c3aa420901fa7b081ca98cbedc874e0d0", size = 11842, upload-time = "2024-07-21T12:58:20.04Z" },
]

[[package]]
name = "pygments"
version = "2.19.2"
source = { registry = "https://pypi.org/simple" }
sdist = { url = "https://files.pythonhosted.org/packages/b0/77/a5b8c569bf593b0140bde72ea885a803b82086995367bf2037de0159d924/pygments-2.19.2.tar.gz", hash = "sha256:636cb2477cec7f8952536970bc533bc43743542f70392ae026374600add5b887", size = 4968631, upload-time = "2025-06-21T13:39:12.283Z" }
wheels = [
    { url = "https://files.pythonhosted.org/packages/c7/21/705964c7812476f378728bdf590ca4b771ec72385c533964653c68e86bdc/pygments-2.19.2-py3-none-any.whl", hash = "sha256:86540386c03d588bb81d44bc3928634ff26449851e99741617ecb9037ee5ec0b", size = 1225217, upload-time = "2025-06-21T13:39:07.939Z" },
]

[[package]]
name = "pytest"
version = "9.0.2"
source = { registry = "https://pypi.org/simple" }
dependencies = [
    { name = "colorama", marker = "sys_platform == 'win32'" },
    { name = "iniconfig" },
    { name = "packaging" },
    { name = "pluggy" },
    { name = "pygments" },
]
sdist = { url = "https://files.pythonhosted.org/packages/d1/db/7ef3487e0fb0049ddb5ce41d3a49c235bf9ad299b6a25d5780a89f19230f/pytest-9.0.2.tar.gz", hash = "sha256:75186651a92bd89611d1d9fc20f0b4345fd827c41ccd5c299a868a05d70edf11", size = 1568901, upload-time = "2025-12-06T21:30:51.014Z" }
wheels = [
    { url = "https://files.pythonhosted.org/packages/3b/ab/b3226f0bd7cdcf710fbede2b3548584366da3b19b5021e74f5bde2a8fa3f/pytest-9.0.2-py3-none-any.whl", hash = "sha256:711ffd45bf766d5264d487b917733b453d917afd2b0ad65223959f59089f875b", size = 374801, upload-time = "2025-12-06T21:30:49.154Z" },
]

[[package]]
name = "pytest-cov"
version = "7.0.0"
source = { registry = "https://pypi.org/simple" }
dependencies = [
    { name = "coverage" },
    { name = "pluggy" },
    { name = "pytest" },
]
sdist = { url = "https://files.pythonhosted.org/packages/5e/f7/c933acc76f5208b3b00089573cf6a2bc26dc80a8aece8f52bb7d6b1855ca/pytest_cov-7.0.0.tar.gz", hash = "sha256:33c97eda2e049a0c5298e91f519302a1334c26ac65c1a483d6206fd458361af1", size = 54328, upload-time = "2025-09-09T10:57:02.113Z" }
wheels = [
    { url = "https://files.pythonhosted.org/packages/ee/49/1377b49de7d0c1ce41292161ea0f721913fa8722c19fb9c1e3aa0367eecb/pytest_cov-7.0.0-py3-none-any.whl", hash = "sha256:3b8e9558b16cc1479da72058bdecf8073661c7f57f7d3c5f22a1c23507f2d861", size = 22424, upload-time = "2025-09-09T10:57:00.695Z" },
]

[[package]]
name = "stack-data"
version = "0.6.3"
source = { registry = "https://pypi.org/simple" }
dependencies = [
    { name = "asttokens" },
    { name = "executing" },
    { name = "pure-eval" },
]
sdist = { url = "https://files.pythonhosted.org/packages/28/e3/55dcc2cfbc3ca9c29519eb6884dd1415ecb53b0e934862d3559ddcb7e20b/stack_data-0.6.3.tar.gz", hash = "sha256:836a778de4fec4dcd1dcd89ed8abff8a221f58308462e1c4aa2a3cf30148f0b9", size = 44707, upload-time = "2023-09-30T13:58:05.479Z" }
wheels = [
    { url = "https://files.pythonhosted.org/packages/f1/7b/ce1eafaf1a76852e2ec9b22edecf1daa58175c090266e9f6c64afcd81d91/stack_data-0.6.3-py3-none-any.whl", hash = "sha256:d5558e0c25a4cb0853cddad3d77da9891a08cb85dd9f9f91b9f8cd66e511e695", size = 24521, upload-time = "2023-09-30T13:58:03.53Z" },
]

[[package]]
name = "traitlets"
version = "5.14.3"
source = { registry = "https://pypi.org/simple" }
sdist = { url = "https://files.pythonhosted.org/packages/eb/79/72064e6a701c2183016abbbfedaba506d81e30e232a68c9f0d6f6fcd1574/traitlets-5.14.3.tar.gz", hash = "sha256:9ed0579d3502c94b4b3732ac120375cda96f923114522847de4b3bb98b96b6b7", size = 161621, upload-time = "2024-04-19T11:11:49.746Z" }
wheels = [
    { url = "https://files.pythonhosted.org/packages/00/c0/8f5d070730d7836adc9c9b6408dec68c6ced86b304a9b26a14df072a6e8c/traitlets-5.14.3-py3-none-any.whl", hash = "sha256:b74e89e397b1ed28cc831db7aea759ba6640cb3de13090ca145426688ff1ac4f", size = 85359, upload-time = "2024-04-19T11:11:46.763Z" },
]

[[package]]
name = "wcwidth"
version = "0.6.0"
source = { registry = "https://pypi.org/simple" }
sdist = { url = "https://files.pythonhosted.org/packages/35/a2/8e3becb46433538a38726c948d3399905a4c7cabd0df578ede5dc51f0ec2/wcwidth-0.6.0.tar.gz", hash = "sha256:cdc4e4262d6ef9a1a57e018384cbeb1208d8abbc64176027e2c2455c81313159", size = 159684, upload-time = "2026-02-06T19:19:40.919Z" }
wheels = [
    { url = "https://files.pythonhosted.org/packages/68/5a/199c59e0a824a3db2b89c5d2dade7ab5f9624dbf6448dc291b46d5ec94d3/wcwidth-0.6.0-py3-none-any.whl", hash = "sha256:1a3a1e510b553315f8e146c54764f4fb6264ffad731b3d78088cdb1478ffbdad", size = 94189, upload-time = "2026-02-06T19:19:39.646Z" },
]
